
Microsoft Visual Studio Solution File, Format Version 12.00
# Visual Studio Version 16
VisualStudioVersion = 16.0.31205.134
MinimumVisualStudioVersion = 10.0.40219.1
Project("{2150E333-8FDC-42A3-9474-1A3956D46DE8}") = "1-Presentations", "1-Presentations", "{813FC8B2-3C2E-4EF9-B198-F3BB7F8B4B34}"
EndProject
Project("{2150E333-8FDC-42A3-9474-1A3956D46DE8}") = "2-Applications", "2-Applications", "{79FD71B4-2B54-4433-A91A-217EA6A67FD8}"
EndProject
Project("{2150E333-8FDC-42A3-9474-1A3956D46DE8}") = "3-Domains", "3-Domains", "{8E06A0FD-7FAF-4EB9-9EC8-90024D40A5DF}"
	ProjectSection(SolutionItems) = preProject
		layer_descriptions.txt = layer_descriptions.txt
	EndProjectSection
EndProject
Project("{2150E333-8FDC-42A3-9474-1A3956D46DE8}") = "4-Infrastrucutures", "4-Infrastrucutures", "{BBACB999-B3E2-4862-A7D0-885CC1398E94}"
EndProject
Project("{2150E333-8FDC-42A3-9474-1A3956D46DE8}") = "5-Entities", "5-Entities", "{C0461A68-B355-4550-8BBA-337AF9084E1E}"
EndProject
Project("{2150E333-8FDC-42A3-9474-1A3956D46DE8}") = "docs", "docs", "{C4F8B76C-1403-4E42-8054-BA15B959D6D6}"
	ProjectSection(SolutionItems) = preProject
		project_docs\Documentos-Projeto-E-Commerce-master\Business Case.docx = project_docs\Documentos-Projeto-E-Commerce-master\Business Case.docx
		project_docs\Documentos-Projeto-E-Commerce-master\Documento de Especificação de Requisitos.docx = project_docs\Documentos-Projeto-E-Commerce-master\Documento de Especificação de Requisitos.docx
		project_docs\Documentos-Projeto-E-Commerce-master\Kick-Off do Projeto.pptx = project_docs\Documentos-Projeto-E-Commerce-master\Kick-Off do Projeto.pptx
		project_docs\Documentos-Projeto-E-Commerce-master\Modelo de Proposta.docx = project_docs\Documentos-Projeto-E-Commerce-master\Modelo de Proposta.docx
		project_docs\Documentos-Projeto-E-Commerce-master\README.md = project_docs\Documentos-Projeto-E-Commerce-master\README.md
	EndProjectSection
EndProject
Project("{9A19103F-16F7-4668-BE54-9A1E7A4F7556}") = "Entity", "src\Entity\Entity.csproj", "{D3792723-434F-4532-97EA-7CBEB045FCA0}"
EndProject
Project("{9A19103F-16F7-4668-BE54-9A1E7A4F7556}") = "Infrastructure", "src\Infrastructure\Infrastructure.csproj", "{1139FFE6-7C5E-46D9-AB51-90A2A01111BF}"
EndProject
Project("{9A19103F-16F7-4668-BE54-9A1E7A4F7556}") = "Domain", "src\Domain\Domain.csproj", "{3B074913-81AA-4CB6-8944-75C5466A8E5D}"
EndProject
Project("{9A19103F-16F7-4668-BE54-9A1E7A4F7556}") = "AppliactionApp", "src\AppliactionApp\AppliactionApp.csproj", "{7DAE9B5F-8C0C-4096-9E34-1B902D5A4E75}"
EndProject
Project("{FAE04EC0-301F-11D3-BF4B-00C04F79EFBC}") = "UI.Ecommerce.Web", "src\UI.Ecommerce.Web\UI.Ecommerce.Web.csproj", "{C0DEECE1-8AAB-4D01-A205-61DAAF3C34A7}"
EndProject
Global
	GlobalSection(SolutionConfigurationPlatforms) = preSolution
		Debug|Any CPU = Debug|Any CPU
		Release|Any CPU = Release|Any CPU
	EndGlobalSection
	GlobalSection(ProjectConfigurationPlatforms) = postSolution
		{D3792723-434F-4532-97EA-7CBEB045FCA0}.Debug|Any CPU.ActiveCfg = Debug|Any CPU
		{D3792723-434F-4532-97EA-7CBEB045FCA0}.Debug|Any CPU.Build.0 = Debug|Any CPU
		{D3792723-434F-4532-97EA-7CBEB045FCA0}.Release|Any CPU.ActiveCfg = Release|Any CPU
		{D3792723-434F-4532-97EA-7CBEB045FCA0}.Release|Any CPU.Build.0 = Release|Any CPU
		{1139FFE6-7C5E-46D9-AB51-90A2A01111BF}.Debug|Any CPU.ActiveCfg = Debug|Any CPU
		{1139FFE6-7C5E-46D9-AB51-90A2A01111BF}.Debug|Any CPU.Build.0 = Debug|Any CPU
		{1139FFE6-7C5E-46D9-AB51-90A2A01111BF}.Release|Any CPU.ActiveCfg = Release|Any CPU
		{1139FFE6-7C5E-46D9-AB51-90A2A01111BF}.Release|Any CPU.Build.0 = Release|Any CPU
		{3B074913-81AA-4CB6-8944-75C5466A8E5D}.Debug|Any CPU.ActiveCfg = Debug|Any CPU
		{3B074913-81AA-4CB6-8944-75C5466A8E5D}.Debug|Any CPU.Build.0 = Debug|Any CPU
		{3B074913-81AA-4CB6-8944-75C5466A8E5D}.Release|Any CPU.ActiveCfg = Release|Any CPU
		{3B074913-81AA-4CB6-8944-75C5466A8E5D}.Release|Any CPU.Build.0 = Release|Any CPU
		{7DAE9B5F-8C0C-4096-9E34-1B902D5A4E75}.Debug|Any CPU.ActiveCfg = Debug|Any CPU
		{7DAE9B5F-8C0C-4096-9E34-1B902D5A4E75}.Debug|Any CPU.Build.0 = Debug|Any CPU
		{7DAE9B5F-8C0C-4096-9E34-1B902D5A4E75}.Release|Any CPU.ActiveCfg = Release|Any CPU
		{7DAE9B5F-8C0C-4096-9E34-1B902D5A4E75}.Release|Any CPU.Build.0 = Release|Any CPU
		{C0DEECE1-8AAB-4D01-A205-61DAAF3C34A7}.Debug|Any CPU.ActiveCfg = Debug|Any CPU
		{C0DEECE1-8AAB-4D01-A205-61DAAF3C34A7}.Debug|Any CPU.Build.0 = Debug|Any CPU
		{C0DEECE1-8AAB-4D01-A205-61DAAF3C34A7}.Release|Any CPU.ActiveCfg = Release|Any CPU
		{C0DEECE1-8AAB-4D01-A205-61DAAF3C34A7}.Release|Any CPU.Build.0 = Release|Any CPU
	EndGlobalSection
	GlobalSection(SolutionProperties) = preSolution
		HideSolutionNode = FALSE
	EndGlobalSection
	GlobalSection(NestedProjects) = preSolution
		{D3792723-434F-4532-97EA-7CBEB045FCA0} = {C0461A68-B355-4550-8BBA-337AF9084E1E}
		{1139FFE6-7C5E-46D9-AB51-90A2A01111BF} = {BBACB999-B3E2-4862-A7D0-885CC1398E94}
		{3B074913-81AA-4CB6-8944-75C5466A8E5D} = {8E06A0FD-7FAF-4EB9-9EC8-90024D40A5DF}
		{7DAE9B5F-8C0C-4096-9E34-1B902D5A4E75} = {79FD71B4-2B54-4433-A91A-217EA6A67FD8}
		{C0DEECE1-8AAB-4D01-A205-61DAAF3C34A7} = {813FC8B2-3C2E-4EF9-B198-F3BB7F8B4B34}
	EndGlobalSection
	GlobalSection(ExtensibilityGlobals) = postSolution
		SolutionGuid = {DD738B4A-E77D-4DED-8AEF-BFE971FEB9C6}
	EndGlobalSection
EndGlobal
